
Microsoft Visual Studio Solution File, Format Version 12.00
# Visual Studio Version 17
VisualStudioVersion = 17.11.35431.28
MinimumVisualStudioVersion = 10.0.40219.1
Project("{FAE04EC0-301F-11D3-BF4B-00C04F79EFBC}") = "MyFirstConsoleApplication", "MyFirstConsoleApplication.csproj", "{0BB3BEEA-75A2-4150-9D7C-34BE16DA1632}"
EndProject
Project("{FAE04EC0-301F-11D3-BF4B-00C04F79EFBC}") = "ConsoleApplication", "ConsoleApplication\ConsoleApplication.csproj", "{61DD3C75-9855-423B-BE72-611E783E3739}"
EndProject
Global
	GlobalSection(SolutionConfigurationPlatforms) = preSolution
		Debug|Any CPU = Debug|Any CPU
		Release|Any CPU = Release|Any CPU
	EndGlobalSection
	GlobalSection(ProjectConfigurationPlatforms) = postSolution
		{0BB3BEEA-75A2-4150-9D7C-34BE16DA1632}.Debug|Any CPU.ActiveCfg = Debug|Any CPU
		{0BB3BEEA-75A2-4150-9D7C-34BE16DA1632}.Debug|Any CPU.Build.0 = Debug|Any CPU
		{0BB3BEEA-75A2-4150-9D7C-34BE16DA1632}.Release|Any CPU.ActiveCfg = Release|Any CPU
		{0BB3BEEA-75A2-4150-9D7C-34BE16DA1632}.Release|Any CPU.Build.0 = Release|Any CPU
		{61DD3C75-9855-423B-BE72-611E783E3739}.Debug|Any CPU.ActiveCfg = Debug|Any CPU
		{61DD3C75-9855-423B-BE72-611E783E3739}.Debug|Any CPU.Build.0 = Debug|Any CPU
		{61DD3C75-9855-423B-BE72-611E783E3739}.Release|Any CPU.ActiveCfg = Release|Any CPU
		{61DD3C75-9855-423B-BE72-611E783E3739}.Release|Any CPU.Build.0 = Release|Any CPU
	EndGlobalSection
	GlobalSection(SolutionProperties) = preSolution
		HideSolutionNode = FALSE
	EndGlobalSection
	GlobalSection(ExtensibilityGlobals) = postSolution
		SolutionGuid = {830F61B9-C880-4020-904C-4C2180B98510}
	EndGlobalSection
EndGlobal
